
Microsoft Visual Studio Solution File, Format Version 12.00
# Visual Studio 15
VisualStudioVersion = 15.0.26124.0
MinimumVisualStudioVersion = 15.0.26124.0
Project("{FAE04EC0-301F-11D3-BF4B-00C04F79EFBC}") = "MiniGame", "MiniGame\MiniGame.csproj", "{F7D236BE-388C-4E7B-B691-C72B53EE05CF}"
EndProject
Project("{FAE04EC0-301F-11D3-BF4B-00C04F79EFBC}") = "OverrideVsNew", "OverrideVsNew\OverrideVsNew.csproj", "{85A3725C-CAF6-449F-98D6-CA4EEF2A2F49}"
EndProject
Project("{FAE04EC0-301F-11D3-BF4B-00C04F79EFBC}") = "Polimorfismo", "Polimorfismo\Polimorfismo.csproj", "{7A30A82D-5E19-4F09-A44F-A78C8779A862}"
EndProject
Project("{FAE04EC0-301F-11D3-BF4B-00C04F79EFBC}") = "GameUnits", "GameUnits\GameUnits.csproj", "{185B1B1E-AE77-4B6A-A0C4-020C179EFF1B}"
EndProject
Global
	GlobalSection(SolutionConfigurationPlatforms) = preSolution
		Debug|Any CPU = Debug|Any CPU
		Debug|x64 = Debug|x64
		Debug|x86 = Debug|x86
		Release|Any CPU = Release|Any CPU
		Release|x64 = Release|x64
		Release|x86 = Release|x86
	EndGlobalSection
	GlobalSection(SolutionProperties) = preSolution
		HideSolutionNode = FALSE
	EndGlobalSection
	GlobalSection(ProjectConfigurationPlatforms) = postSolution
		{F7D236BE-388C-4E7B-B691-C72B53EE05CF}.Debug|Any CPU.ActiveCfg = Debug|Any CPU
		{F7D236BE-388C-4E7B-B691-C72B53EE05CF}.Debug|Any CPU.Build.0 = Debug|Any CPU
		{F7D236BE-388C-4E7B-B691-C72B53EE05CF}.Debug|x64.ActiveCfg = Debug|Any CPU
		{F7D236BE-388C-4E7B-B691-C72B53EE05CF}.Debug|x64.Build.0 = Debug|Any CPU
		{F7D236BE-388C-4E7B-B691-C72B53EE05CF}.Debug|x86.ActiveCfg = Debug|Any CPU
		{F7D236BE-388C-4E7B-B691-C72B53EE05CF}.Debug|x86.Build.0 = Debug|Any CPU
		{F7D236BE-388C-4E7B-B691-C72B53EE05CF}.Release|Any CPU.ActiveCfg = Release|Any CPU
		{F7D236BE-388C-4E7B-B691-C72B53EE05CF}.Release|Any CPU.Build.0 = Release|Any CPU
		{F7D236BE-388C-4E7B-B691-C72B53EE05CF}.Release|x64.ActiveCfg = Release|Any CPU
		{F7D236BE-388C-4E7B-B691-C72B53EE05CF}.Release|x64.Build.0 = Release|Any CPU
		{F7D236BE-388C-4E7B-B691-C72B53EE05CF}.Release|x86.ActiveCfg = Release|Any CPU
		{F7D236BE-388C-4E7B-B691-C72B53EE05CF}.Release|x86.Build.0 = Release|Any CPU
		{85A3725C-CAF6-449F-98D6-CA4EEF2A2F49}.Debug|Any CPU.ActiveCfg = Debug|Any CPU
		{85A3725C-CAF6-449F-98D6-CA4EEF2A2F49}.Debug|Any CPU.Build.0 = Debug|Any CPU
		{85A3725C-CAF6-449F-98D6-CA4EEF2A2F49}.Debug|x64.ActiveCfg = Debug|Any CPU
		{85A3725C-CAF6-449F-98D6-CA4EEF2A2F49}.Debug|x64.Build.0 = Debug|Any CPU
		{85A3725C-CAF6-449F-98D6-CA4EEF2A2F49}.Debug|x86.ActiveCfg = Debug|Any CPU
		{85A3725C-CAF6-449F-98D6-CA4EEF2A2F49}.Debug|x86.Build.0 = Debug|Any CPU
		{85A3725C-CAF6-449F-98D6-CA4EEF2A2F49}.Release|Any CPU.ActiveCfg = Release|Any CPU
		{85A3725C-CAF6-449F-98D6-CA4EEF2A2F49}.Release|Any CPU.Build.0 = Release|Any CPU
		{85A3725C-CAF6-449F-98D6-CA4EEF2A2F49}.Release|x64.ActiveCfg = Release|Any CPU
		{85A3725C-CAF6-449F-98D6-CA4EEF2A2F49}.Release|x64.Build.0 = Release|Any CPU
		{85A3725C-CAF6-449F-98D6-CA4EEF2A2F49}.Release|x86.ActiveCfg = Release|Any CPU
		{85A3725C-CAF6-449F-98D6-CA4EEF2A2F49}.Release|x86.Build.0 = Release|Any CPU
		{7A30A82D-5E19-4F09-A44F-A78C8779A862}.Debug|Any CPU.ActiveCfg = Debug|Any CPU
		{7A30A82D-5E19-4F09-A44F-A78C8779A862}.Debug|Any CPU.Build.0 = Debug|Any CPU
		{7A30A82D-5E19-4F09-A44F-A78C8779A862}.Debug|x64.ActiveCfg = Debug|Any CPU
		{7A30A82D-5E19-4F09-A44F-A78C8779A862}.Debug|x64.Build.0 = Debug|Any CPU
		{7A30A82D-5E19-4F09-A44F-A78C8779A862}.Debug|x86.ActiveCfg = Debug|Any CPU
		{7A30A82D-5E19-4F09-A44F-A78C8779A862}.Debug|x86.Build.0 = Debug|Any CPU
		{7A30A82D-5E19-4F09-A44F-A78C8779A862}.Release|Any CPU.ActiveCfg = Release|Any CPU
		{7A30A82D-5E19-4F09-A44F-A78C8779A862}.Release|Any CPU.Build.0 = Release|Any CPU
		{7A30A82D-5E19-4F09-A44F-A78C8779A862}.Release|x64.ActiveCfg = Release|Any CPU
		{7A30A82D-5E19-4F09-A44F-A78C8779A862}.Release|x64.Build.0 = Release|Any CPU
		{7A30A82D-5E19-4F09-A44F-A78C8779A862}.Release|x86.ActiveCfg = Release|Any CPU
		{7A30A82D-5E19-4F09-A44F-A78C8779A862}.Release|x86.Build.0 = Release|Any CPU
		{185B1B1E-AE77-4B6A-A0C4-020C179EFF1B}.Debug|Any CPU.ActiveCfg = Debug|Any CPU
		{185B1B1E-AE77-4B6A-A0C4-020C179EFF1B}.Debug|Any CPU.Build.0 = Debug|Any CPU
		{185B1B1E-AE77-4B6A-A0C4-020C179EFF1B}.Debug|x64.ActiveCfg = Debug|Any CPU
		{185B1B1E-AE77-4B6A-A0C4-020C179EFF1B}.Debug|x64.Build.0 = Debug|Any CPU
		{185B1B1E-AE77-4B6A-A0C4-020C179EFF1B}.Debug|x86.ActiveCfg = Debug|Any CPU
		{185B1B1E-AE77-4B6A-A0C4-020C179EFF1B}.Debug|x86.Build.0 = Debug|Any CPU
		{185B1B1E-AE77-4B6A-A0C4-020C179EFF1B}.Release|Any CPU.ActiveCfg = Release|Any CPU
		{185B1B1E-AE77-4B6A-A0C4-020C179EFF1B}.Release|Any CPU.Build.0 = Release|Any CPU
		{185B1B1E-AE77-4B6A-A0C4-020C179EFF1B}.Release|x64.ActiveCfg = Release|Any CPU
		{185B1B1E-AE77-4B6A-A0C4-020C179EFF1B}.Release|x64.Build.0 = Release|Any CPU
		{185B1B1E-AE77-4B6A-A0C4-020C179EFF1B}.Release|x86.ActiveCfg = Release|Any CPU
		{185B1B1E-AE77-4B6A-A0C4-020C179EFF1B}.Release|x86.Build.0 = Release|Any CPU
	EndGlobalSection
EndGlobal
